# This file is automatically @generated by Cargo.
# It is not intended for manual editing.
version = 4

[[package]]
name = "bip138-ll"
version = "0.0.0"

[[package]]
name = "bwk-qr-protocol"
version = "0.0.1"

[[package]]
name = "kern-bwk-codecs"
version = "0.1.0"
dependencies = [
 "bip138-ll",
 "bwk-qr-protocol",
]
